
Microsoft Visual Studio Solution File, Format Version 12.00
# Visual Studio Version 17
VisualStudioVersion = 17.5.33530.505
MinimumVisualStudioVersion = 10.0.40219.1
Project("{FAE04EC0-301F-11D3-BF4B-00C04F79EFBC}") = "NoteApp_Ass", "NoteApp_Ass.csproj", "{619FA378-197A-4C17-9C34-F104480DDDFC}"
EndProject
Global
	GlobalSection(SolutionConfigurationPlatforms) = preSolution
		Debug|Any CPU = Debug|Any CPU
		Release|Any CPU = Release|Any CPU
	EndGlobalSection
	GlobalSection(ProjectConfigurationPlatforms) = postSolution
		{619FA378-197A-4C17-9C34-F104480DDDFC}.Debug|Any CPU.ActiveCfg = Debug|Any CPU
		{619FA378-197A-4C17-9C34-F104480DDDFC}.Debug|Any CPU.Build.0 = Debug|Any CPU
		{619FA378-197A-4C17-9C34-F104480DDDFC}.Release|Any CPU.ActiveCfg = Release|Any CPU
		{619FA378-197A-4C17-9C34-F104480DDDFC}.Release|Any CPU.Build.0 = Release|Any CPU
	EndGlobalSection
	GlobalSection(SolutionProperties) = preSolution
		HideSolutionNode = FALSE
	EndGlobalSection
	GlobalSection(ExtensibilityGlobals) = postSolution
		SolutionGuid = {FD809911-022D-44F3-A457-FDA23DF1BB4E}
	EndGlobalSection
EndGlobal
